// !$*UTF8*$!
{
	archiveVersion = 1;
	classes = {
	};
	objectVersion = 46;
	objects = {

/* Begin PBXBuildFile section */
		B90DE57C1BE3FE55002CE6D7 /* AppDelegate.swift in Sources */ = {isa = PBXBuildFile; fileRef = B90DE57B1BE3FE55002CE6D7 /* AppDelegate.swift */; };
		B90DE57E1BE3FE55002CE6D7 /* ViewController.swift in Sources */ = {isa = PBXBuildFile; fileRef = B90DE57D1BE3FE55002CE6D7 /* ViewController.swift */; };
		B90DE5811BE3FE55002CE6D7 /* Main.storyboard in Resources */ = {isa = PBXBuildFile; fileRef = B90DE57F1BE3FE55002CE6D7 /* Main.storyboard */; };
		B90DE5831BE3FE55002CE6D7 /* Assets.xcassets in Resources */ = {isa = PBXBuildFile; fileRef = B90DE5821BE3FE55002CE6D7 /* Assets.xcassets */; };
		B90DE5861BE3FE55002CE6D7 /* LaunchScreen.storyboard in Resources */ = {isa = PBXBuildFile; fileRef = B90DE5841BE3FE55002CE6D7 /* LaunchScreen.storyboard */; };
		B90DE5911BE3FE55002CE6D7 /* TapperTests.swift in Sources */ = {isa = PBXBuildFile; fileRef = B90DE5901BE3FE55002CE6D7 /* TapperTests.swift */; };
		B90DE59C1BE3FE55002CE6D7 /* TapperUITests.swift in Sources */ = {isa = PBXBuildFile; fileRef = B90DE59B1BE3FE55002CE6D7 /* TapperUITests.swift */; };
/* End PBXBuildFile section */

/* Begin PBXContainerItemProxy section */
		B90DE58D1BE3FE55002CE6D7 /* PBXContainerItemProxy */ = {
			isa = PBXContainerItemProxy;
			containerPortal = B90DE5701BE3FE55002CE6D7 /* Project object */;
			proxyType = 1;
			remoteGlobalIDString = B90DE5771BE3FE55002CE6D7;
			remoteInfo = Tapper;
		};
		B90DE5981BE3FE55002CE6D7 /* PBXContainerItemProxy */ = {
			isa = PBXContainerItemProxy;
			containerPortal = B90DE5701BE3FE55002CE6D7 /* Project object */;
			proxyType = 1;
			remoteGlobalIDString = B90DE5771BE3FE55002CE6D7;
			remoteInfo = Tapper;
		};
/* End PBXContainerItemProxy section */

/* Begin PBXFileReference section */
		B90DE5781BE3FE55002CE6D7 /* Tapper.app */ = {isa = PBXFileReference; explicitFileType = wrapper.application; includeInIndex = 0; path = Tapper.app; sourceTree = BUILT_PRODUCTS_DIR; };
		B90DE57B1BE3FE55002CE6D7 /* AppDelegate.swift */ = {isa = PBXFileReference; lastKnownFileType = sourcecode.swift; path = AppDelegate.swift; sourceTree = "<group>"; };
		B90DE57D1BE3FE55002CE6D7 /* ViewController.swift */ = {isa = PBXFileReference; lastKnownFileType = sourcecode.swift; path = ViewController.swift; sourceTree = "<group>"; };
		B90DE5801BE3FE55002CE6D7 /* Base */ = {isa = PBXFileReference; lastKnownFileType = file.storyboard; name = Base; path = Base.lproj/Main.storyboard; sourceTree = "<group>"; };
		B90DE5821BE3FE55002CE6D7 /* Assets.xcassets */ = {isa = PBXFileReference; lastKnownFileType = folder.assetcatalog; path = Assets.xcassets; sourceTree = "<group>"; };
		B90DE5851BE3FE55002CE6D7 /* Base */ = {isa = PBXFileReference; lastKnownFileType = file.storyboard; name = Base; path = Base.lproj/LaunchScreen.storyboard; sourceTree = "<group>"; };
		B90DE5871BE3FE55002CE6D7 /* Info.plist */ = {isa = PBXFileReference; lastKnownFileType = text.plist.xml; path = Info.plist; sourceTree = "<group>"; };
		B90DE58C1BE3FE55002CE6D7 /* TapperTests.xctest */ = {isa = PBXFileReference; explicitFileType = wrapper.cfbundle; includeInIndex = 0; path = TapperTests.xctest; sourceTree = BUILT_PRODUCTS_DIR; };
		B90DE5901BE3FE55002CE6D7 /* TapperTests.swift */ = {isa = PBXFileReference; lastKnownFileType = sourcecode.swift; path = TapperTests.swift; sourceTree = "<group>"; };
		B90DE5921BE3FE55002CE6D7 /* Info.plist */ = {isa = PBXFileReference; lastKnownFileType = text.plist.xml; path = Info.plist; sourceTree = "<group>"; };
		B90DE5971BE3FE55002CE6D7 /* TapperUITests.xctest */ = {isa = PBXFileReference; explicitFileType = wrapper.cfbundle; includeInIndex = 0; path = TapperUITests.xctest; sourceTree = BUILT_PRODUCTS_DIR; };
		B90DE59B1BE3FE55002CE6D7 /* TapperUITests.swift */ = {isa = PBXFileReference; lastKnownFileType = sourcecode.swift; path = TapperUITests.swift; sourceTree = "<group>"; };
		B90DE59D1BE3FE55002CE6D7 /* Info.plist */ = {isa = PBXFileReference; lastKnownFileType = text.plist.xml; path = Info.plist; sourceTree = "<group>"; };
/* End PBXFileReference section */

/* Begin PBXFrameworksBuildPhase section */
		B90DE5751BE3FE55002CE6D7 /* Frameworks */ = {
			isa = PBXFrameworksBuildPhase;
			buildActionMask = 2147483647;
			files = (
			);
			runOnlyForDeploymentPostprocessing = 0;
		};
		B90DE5891BE3FE55002CE6D7 /* Frameworks */ = {
			isa = PBXFrameworksBuildPhase;
			buildActionMask = 2147483647;
			files = (
			);
			runOnlyForDeploymentPostprocessing = 0;
		};
		B90DE5941BE3FE55002CE6D7 /* Frameworks */ = {
			isa = PBXFrameworksBuildPhase;
			buildActionMask = 2147483647;
			files = (
			);
			runOnlyForDeploymentPostprocessing = 0;
		};
/* End PBXFrameworksBuildPhase section */

/* Begin PBXGroup section */
		B90DE56F1BE3FE55002CE6D7 = {
			isa = PBXGroup;
			children = (
				B90DE57A1BE3FE55002CE6D7 /* Tapper */,
				B90DE58F1BE3FE55002CE6D7 /* TapperTests */,
				B90DE59A1BE3FE55002CE6D7 /* TapperUITests */,
				B90DE5791BE3FE55002CE6D7 /* Products */,
			);
			sourceTree = "<group>";
		};
		B90DE5791BE3FE55002CE6D7 /* Products */ = {
			isa = PBXGroup;
			children = (
				B90DE5781BE3FE55002CE6D7 /* Tapper.app */,
				B90DE58C1BE3FE55002CE6D7 /* TapperTests.xctest */,
				B90DE5971BE3FE55002CE6D7 /* TapperUITests.xctest */,
			);
			name = Products;
			sourceTree = "<group>";
		};
		B90DE57A1BE3FE55002CE6D7 /* Tapper */ = {
			isa = PBXGroup;
			children = (
				B90DE57B1BE3FE55002CE6D7 /* AppDelegate.swift */,
				B90DE57D1BE3FE55002CE6D7 /* ViewController.swift */,
				B90DE57F1BE3FE55002CE6D7 /* Main.storyboard */,
				B90DE5821BE3FE55002CE6D7 /* Assets.xcassets */,
				B90DE5841BE3FE55002CE6D7 /* LaunchScreen.storyboard */,
				B90DE5871BE3FE55002CE6D7 /* Info.plist */,
			);
			path = Tapper;
			sourceTree = "<group>";
		};
		B90DE58F1BE3FE55002CE6D7 /* TapperTests */ = {
			isa = PBXGroup;
			children = (
				B90DE5901BE3FE55002CE6D7 /* TapperTests.swift */,
				B90DE5921BE3FE55002CE6D7 /* Info.plist */,
			);
			path = TapperTests;
			sourceTree = "<group>";
		};
		B90DE59A1BE3FE55002CE6D7 /* TapperUITests */ = {
			isa = PBXGroup;
			children = (
				B90DE59B1BE3FE55002CE6D7 /* TapperUITests.swift */,
				B90DE59D1BE3FE55002CE6D7 /* Info.plist */,
			);
			path = TapperUITests;
			sourceTree = "<group>";
		};
/* End PBXGroup section */

/* Begin PBXNativeTarget section */
		B90DE5771BE3FE55002CE6D7 /* Tapper */ = {
			isa = PBXNativeTarget;
			buildConfigurationList = B90DE5A01BE3FE55002CE6D7 /* Build configuration list for PBXNativeTarget "Tapper" */;
			buildPhases = (
				B90DE5741BE3FE55002CE6D7 /* Sources */,
				B90DE5751BE3FE55002CE6D7 /* Frameworks */,
				B90DE5761BE3FE55002CE6D7 /* Resources */,
			);
			buildRules = (
			);
			dependencies = (
			);
			name = Tapper;
			productName = Tapper;
			productReference = B90DE5781BE3FE55002CE6D7 /* Tapper.app */;
			productType = "com.apple.product-type.application";
		};
		B90DE58B1BE3FE55002CE6D7 /* TapperTests */ = {
			isa = PBXNativeTarget;
			buildConfigurationList = B90DE5A31BE3FE55002CE6D7 /* Build configuration list for PBXNativeTarget "TapperTests" */;
			buildPhases = (
				B90DE5881BE3FE55002CE6D7 /* Sources */,
				B90DE5891BE3FE55002CE6D7 /* Frameworks */,
				B90DE58A1BE3FE55002CE6D7 /* Resources */,
			);
			buildRules = (
			);
			dependencies = (
				B90DE58E1BE3FE55002CE6D7 /* PBXTargetDependency */,
			);
			name = TapperTests;
			productName = TapperTests;
			productReference = B90DE58C1BE3FE55002CE6D7 /* TapperTests.xctest */;
			productType = "com.apple.product-type.bundle.unit-test";
		};
		B90DE5961BE3FE55002CE6D7 /* TapperUITests */ = {
			isa = PBXNativeTarget;
			buildConfigurationList = B90DE5A61BE3FE55002CE6D7 /* Build configuration list for PBXNativeTarget "TapperUITests" */;
			buildPhases = (
				B90DE5931BE3FE55002CE6D7 /* Sources */,
				B90DE5941BE3FE55002CE6D7 /* Frameworks */,
				B90DE5951BE3FE55002CE6D7 /* Resources */,
			);
			buildRules = (
			);
			dependencies = (
				B90DE5991BE3FE55002CE6D7 /* PBXTargetDependency */,
			);
			name = TapperUITests;
			productName = TapperUITests;
			productReference = B90DE5971BE3FE55002CE6D7 /* TapperUITests.xctest */;
			productType = "com.apple.product-type.bundle.ui-testing";
		};
/* End PBXNativeTarget section */

/* Begin PBXProject section */
		B90DE5701BE3FE55002CE6D7 /* Project object */ = {
			isa = PBXProject;
			attributes = {
				LastSwiftUpdateCheck = 0710;
				LastUpgradeCheck = 0710;
				ORGANIZATIONNAME = "Shane Lupton";
				TargetAttributes = {
					B90DE5771BE3FE55002CE6D7 = {
						CreatedOnToolsVersion = 7.1;
					};
					B90DE58B1BE3FE55002CE6D7 = {
						CreatedOnToolsVersion = 7.1;
						TestTargetID = B90DE5771BE3FE55002CE6D7;
					};
					B90DE5961BE3FE55002CE6D7 = {
						CreatedOnToolsVersion = 7.1;
						TestTargetID = B90DE5771BE3FE55002CE6D7;
					};
				};
			};
			buildConfigurationList = B90DE5731BE3FE55002CE6D7 /* Build configuration list for PBXProject "Tapper" */;
			compatibilityVersion = "Xcode 3.2";
			developmentRegion = English;
			hasScannedForEncodings = 0;
			knownRegions = (
				en,
				Base,
			);
			mainGroup = B90DE56F1BE3FE55002CE6D7;
			productRefGroup = B90DE5791BE3FE55002CE6D7 /* Products */;
			projectDirPath = "";
			projectRoot = "";
			targets = (
				B90DE5771BE3FE55002CE6D7 /* Tapper */,
				B90DE58B1BE3FE55002CE6D7 /* TapperTests */,
				B90DE5961BE3FE55002CE6D7 /* TapperUITests */,
			);
		};
/* End PBXProject section */

/* Begin PBXResourcesBuildPhase section */
		B90DE5761BE3FE55002CE6D7 /* Resources */ = {
			isa = PBXResourcesBuildPhase;
			buildActionMask = 2147483647;
			files = (
				B90DE5861BE3FE55002CE6D7 /* LaunchScreen.storyboard in Resources */,
				B90DE5831BE3FE55002CE6D7 /* Assets.xcassets in Resources */,
				B90DE5811BE3FE55002CE6D7 /* Main.storyboard in Resources */,
			);
			runOnlyForDeploymentPostprocessing = 0;
		};
		B90DE58A1BE3FE55002CE6D7 /* Resources */ = {
			isa = PBXResourcesBuildPhase;
			buildActionMask = 2147483647;
			files = (
			);
			runOnlyForDeploymentPostprocessing = 0;
		};
		B90DE5951BE3FE55002CE6D7 /* Resources */ = {
			isa = PBXResourcesBuildPhase;
			buildActionMask = 2147483647;
			files = (
			);
			runOnlyForDeploymentPostprocessing = 0;
		};
/* End PBXResourcesBuildPhase section */

/* Begin PBXSourcesBuildPhase section */
		B90DE5741BE3FE55002CE6D7 /* Sources */ = {
			isa = PBXSourcesBuildPhase;
			buildActionMask = 2147483647;
			files = (
				B90DE57E1BE3FE55002CE6D7 /* ViewController.swift in Sources */,
				B90DE57C1BE3FE55002CE6D7 /* AppDelegate.swift in Sources */,
			);
			runOnlyForDeploymentPostprocessing = 0;
		};
		B90DE5881BE3FE55002CE6D7 /* Sources */ = {
			isa = PBXSourcesBuildPhase;
			buildActionMask = 2147483647;
			files = (
				B90DE5911BE3FE55002CE6D7 /* TapperTests.swift in Sources */,
			);
			runOnlyForDeploymentPostprocessing = 0;
		};
		B90DE5931BE3FE55002CE6D7 /* Sources */ = {
			isa = PBXSourcesBuildPhase;
			buildActionMask = 2147483647;
			files = (
				B90DE59C1BE3FE55002CE6D7 /* TapperUITests.swift in Sources */,
			);
			runOnlyForDeploymentPostprocessing = 0;
		};
/* End PBXSourcesBuildPhase section */

/* Begin PBXTargetDependency section */
		B90DE58E1BE3FE55002CE6D7 /* PBXTargetDependency */ = {
			isa = PBXTargetDependency;
			target = B90DE5771BE3FE55002CE6D7 /* Tapper */;
			targetProxy = B90DE58D1BE3FE55002CE6D7 /* PBXContainerItemProxy */;
		};
		B90DE5991BE3FE55002CE6D7 /* PBXTargetDependency */ = {
			isa = PBXTargetDependency;
			target = B90DE5771BE3FE55002CE6D7 /* Tapper */;
			targetProxy = B90DE5981BE3FE55002CE6D7 /* PBXContainerItemProxy */;
		};
/* End PBXTargetDependency section */

/* Begin PBXVariantGroup section */
		B90DE57F1BE3FE55002CE6D7 /* Main.storyboard */ = {
			isa = PBXVariantGroup;
			children = (
				B90DE5801BE3FE55002CE6D7 /* Base */,
			);
			name = Main.storyboard;
			sourceTree = "<group>";
		};
		B90DE5841BE3FE55002CE6D7 /* LaunchScreen.storyboard */ = {
			isa = PBXVariantGroup;
			children = (
				B90DE5851BE3FE55002CE6D7 /* Base */,
			);
			name = LaunchScreen.storyboard;
			sourceTree = "<group>";
		};
/* End PBXVariantGroup section */

/* Begin XCBuildConfiguration section */
		B90DE59E1BE3FE55002CE6D7 /* Debug */ = {
			isa = XCBuildConfiguration;
			buildSettings = {
				ALWAYS_SEARCH_USER_PATHS = NO;
				CLANG_CXX_LANGUAGE_STANDARD = "gnu++0x";
				CLANG_CXX_LIBRARY = "libc++";
				CLANG_ENABLE_MODULES = YES;
				CLANG_ENABLE_OBJC_ARC = YES;
				CLANG_WARN_BOOL_CONVERSION = YES;
				CLANG_WARN_CONSTANT_CONVERSION = YES;
				CLANG_WARN_DIRECT_OBJC_ISA_USAGE = YES_ERROR;
				CLANG_WARN_EMPTY_BODY = YES;
				CLANG_WARN_ENUM_CONVERSION = YES;
				CLANG_WARN_INT_CONVERSION = YES;
				CLANG_WARN_OBJC_ROOT_CLASS = YES_ERROR;
				CLANG_WARN_UNREACHABLE_CODE = YES;
				CLANG_WARN__DUPLICATE_METHOD_MATCH = YES;
				"CODE_SIGN_IDENTITY[sdk=iphoneos*]" = "iPhone Developer";
				COPY_PHASE_STRIP = NO;
				DEBUG_INFORMATION_FORMAT = dwarf;
				ENABLE_STRICT_OBJC_MSGSEND = YES;
				ENABLE_TESTABILITY = YES;
				GCC_C_LANGUAGE_STANDARD = gnu99;
				GCC_DYNAMIC_NO_PIC = NO;
				GCC_NO_COMMON_BLOCKS = YES;
				GCC_OPTIMIZATION_LEVEL = 0;
				GCC_PREPROCESSOR_DEFINITIONS = (
					"DEBUG=1",
					"$(inherited)",
				);
				GCC_WARN_64_TO_32_BIT_CONVERSION = YES;
				GCC_WARN_ABOUT_RETURN_TYPE = YES_ERROR;
				GCC_WARN_UNDECLARED_SELECTOR = YES;
				GCC_WARN_UNINITIALIZED_AUTOS = YES_AGGRESSIVE;
				GCC_WARN_UNUSED_FUNCTION = YES;
				GCC_WARN_UNUSED_VARIABLE = YES;
				IPHONEOS_DEPLOYMENT_TARGET = 9.1;
				MTL_ENABLE_DEBUG_INFO = YES;
				ONLY_ACTIVE_ARCH = YES;
				SDKROOT = iphoneos;
				SWIFT_OPTIMIZATION_LEVEL = "-Onone";
			};
			name = Debug;
		};
		B90DE59F1BE3FE55002CE6D7 /* Release */ = {
			isa = XCBuildConfiguration;
			buildSettings = {
				ALWAYS_SEARCH_USER_PATHS = NO;
				CLANG_CXX_LANGUAGE_STANDARD = "gnu++0x";
				CLANG_CXX_LIBRARY = "libc++";
				CLANG_ENABLE_MODULES = YES;
				CLANG_ENABLE_OBJC_ARC = YES;
				CLANG_WARN_BOOL_CONVERSION = YES;
				CLANG_WARN_CONSTANT_CONVERSION = YES;
				CLANG_WARN_DIRECT_OBJC_ISA_USAGE = YES_ERROR;
				CLANG_WARN_EMPTY_BODY = YES;
				CLANG_WARN_ENUM_CONVERSION = YES;
				CLANG_WARN_INT_CONVERSION = YES;
				CLANG_WARN_OBJC_ROOT_CLASS = YES_ERROR;
				CLANG_WARN_UNREACHABLE_CODE = YES;
				CLANG_WARN__DUPLICATE_METHOD_MATCH = YES;
				"CODE_SIGN_IDENTITY[sdk=iphoneos*]" = "iPhone Developer";
				COPY_PHASE_STRIP = NO;
				DEBUG_INFORMATION_FORMAT = "dwarf-with-dsym";
				ENABLE_NS_ASSERTIONS = NO;
				ENABLE_STRICT_OBJC_MSGSEND = YES;
				GCC_C_LANGUAGE_STANDARD = gnu99;
				GCC_NO_COMMON_BLOCKS = YES;
				GCC_WARN_64_TO_32_BIT_CONVERSION = YES;
				GCC_WARN_ABOUT_RETURN_TYPE = YES_ERROR;
				GCC_WARN_UNDECLARED_SELECTOR = YES;
				GCC_WARN_UNINITIALIZED_AUTOS = YES_AGGRESSIVE;
				GCC_WARN_UNUSED_FUNCTION = YES;
				GCC_WARN_UNUSED_VARIABLE = YES;
				IPHONEOS_DEPLOYMENT_TARGET = 9.1;
				MTL_ENABLE_DEBUG_INFO = NO;
				SDKROOT = iphoneos;
				VALIDATE_PRODUCT = YES;
			};
			name = Release;
		};
		B90DE5A11BE3FE55002CE6D7 /* Debug */ = {
			isa = XCBuildConfiguration;
			buildSettings = {
				ASSETCATALOG_COMPILER_APPICON_NAME = AppIcon;
				INFOPLIST_FILE = Tapper/Info.plist;
				LD_RUNPATH_SEARCH_PATHS = "$(inherited) @executable_path/Frameworks";
				PRODUCT_BUNDLE_IDENTIFIER = com.shanelupton.Tapper;
				PRODUCT_NAME = "$(TARGET_NAME)";
			};
			name = Debug;
		};
		B90DE5A21BE3FE55002CE6D7 /* Release */ = {
			isa = XCBuildConfiguration;
			buildSettings = {
				ASSETCATALOG_COMPILER_APPICON_NAME = AppIcon;
				INFOPLIST_FILE = Tapper/Info.plist;
				LD_RUNPATH_SEARCH_PATHS = "$(inherited) @executable_path/Frameworks";
				PRODUCT_BUNDLE_IDENTIFIER = com.shanelupton.Tapper;
				PRODUCT_NAME = "$(TARGET_NAME)";
			};
			name = Release;
		};
		B90DE5A41BE3FE55002CE6D7 /* Debug */ = {
			isa = XCBuildConfiguration;
			buildSettings = {
				BUNDLE_LOADER = "$(TEST_HOST)";
				INFOPLIST_FILE = TapperTests/Info.plist;
				LD_RUNPATH_SEARCH_PATHS = "$(inherited) @executable_path/Frameworks @loader_path/Frameworks";
				PRODUCT_BUNDLE_IDENTIFIER = com.shanelupton.TapperTests;
				PRODUCT_NAME = "$(TARGET_NAME)";
				TEST_HOST = "$(BUILT_PRODUCTS_DIR)/Tapper.app/Tapper";
			};
			name = Debug;
		};
		B90DE5A51BE3FE55002CE6D7 /* Release */ = {
			isa = XCBuildConfiguration;
			buildSettings = {
				BUNDLE_LOADER = "$(TEST_HOST)";
				INFOPLIST_FILE = TapperTests/Info.plist;
				LD_RUNPATH_SEARCH_PATHS = "$(inherited) @executable_path/Frameworks @loader_path/Frameworks";
				PRODUCT_BUNDLE_IDENTIFIER = com.shanelupton.TapperTests;
				PRODUCT_NAME = "$(TARGET_NAME)";
				TEST_HOST = "$(BUILT_PRODUCTS_DIR)/Tapper.app/Tapper";
			};
			name = Release;
		};
		B90DE5A71BE3FE55002CE6D7 /* Debug */ = {
			isa = XCBuildConfiguration;
			buildSettings = {
				INFOPLIST_FILE = TapperUITests/Info.plist;
				LD_RUNPATH_SEARCH_PATHS = "$(inherited) @executable_path/Frameworks @loader_path/Frameworks";
				PRODUCT_BUNDLE_IDENTIFIER = com.shanelupton.TapperUITests;
				PRODUCT_NAME = "$(TARGET_NAME)";
				TEST_TARGET_NAME = Tapper;
				USES_XCTRUNNER = YES;
			};
			name = Debug;
		};
		B90DE5A81BE3FE55002CE6D7 /* Release */ = {
			isa = XCBuildConfiguration;
			buildSettings = {
				INFOPLIST_FILE = TapperUITests/Info.plist;
				LD_RUNPATH_SEARCH_PATHS = "$(inherited) @executable_path/Frameworks @loader_path/Frameworks";
				PRODUCT_BUNDLE_IDENTIFIER = com.shanelupton.TapperUITests;
				PRODUCT_NAME = "$(TARGET_NAME)";
				TEST_TARGET_NAME = Tapper;
				USES_XCTRUNNER = YES;
			};
			name = Release;
		};
/* End XCBuildConfiguration section */

/* Begin XCConfigurationList section */
		B90DE5731BE3FE55002CE6D7 /* Build configuration list for PBXProject "Tapper" */ = {
			isa = XCConfigurationList;
			buildConfigurations = (
				B90DE59E1BE3FE55002CE6D7 /* Debug */,
				B90DE59F1BE3FE55002CE6D7 /* Release */,
			);
			defaultConfigurationIsVisible = 0;
			defaultConfigurationName = Release;
		};
		B90DE5A01BE3FE55002CE6D7 /* Build configuration list for PBXNativeTarget "Tapper" */ = {
			isa = XCConfigurationList;
			buildConfigurations = (
				B90DE5A11BE3FE55002CE6D7 /* Debug */,
				B90DE5A21BE3FE55002CE6D7 /* Release */,
			);
			defaultConfigurationIsVisible = 0;
		};
		B90DE5A31BE3FE55002CE6D7 /* Build configuration list for PBXNativeTarget "TapperTests" */ = {
			isa = XCConfigurationList;
			buildConfigurations = (
				B90DE5A41BE3FE55002CE6D7 /* Debug */,
				B90DE5A51BE3FE55002CE6D7 /* Release */,
			);
			defaultConfigurationIsVisible = 0;
		};
		B90DE5A61BE3FE55002CE6D7 /* Build configuration list for PBXNativeTarget "TapperUITests" */ = {
			isa = XCConfigurationList;
			buildConfigurations = (
				B90DE5A71BE3FE55002CE6D7 /* Debug */,
				B90DE5A81BE3FE55002CE6D7 /* Release */,
			);
			defaultConfigurationIsVisible = 0;
		};
/* End XCConfigurationList section */
	};
	rootObject = B90DE5701BE3FE55002CE6D7 /* Project object */;
}
